
Microsoft Visual Studio Solution File, Format Version 12.00
# Visual Studio 15
VisualStudioVersion = 15.0.28010.2036
MinimumVisualStudioVersion = 10.0.40219.1
Project("{FAE04EC0-301F-11D3-BF4B-00C04F79EFBC}") = "NexusParser", "NexusParser\NexusParser.csproj", "{FEDB0296-CAF2-4B83-B4B2-714573F0BD3A}"
EndProject
Global
	GlobalSection(SolutionConfigurationPlatforms) = preSolution
		Debug|Any CPU = Debug|Any CPU
		Release|Any CPU = Release|Any CPU
	EndGlobalSection
	GlobalSection(ProjectConfigurationPlatforms) = postSolution
		{FEDB0296-CAF2-4B83-B4B2-714573F0BD3A}.Debug|Any CPU.ActiveCfg = Debug|Any CPU
		{FEDB0296-CAF2-4B83-B4B2-714573F0BD3A}.Debug|Any CPU.Build.0 = Debug|Any CPU
		{FEDB0296-CAF2-4B83-B4B2-714573F0BD3A}.Release|Any CPU.ActiveCfg = Release|Any CPU
		{FEDB0296-CAF2-4B83-B4B2-714573F0BD3A}.Release|Any CPU.Build.0 = Release|Any CPU
	EndGlobalSection
	GlobalSection(SolutionProperties) = preSolution
		HideSolutionNode = FALSE
	EndGlobalSection
	GlobalSection(ExtensibilityGlobals) = postSolution
		SolutionGuid = {81EF34F4-BE5C-4FFA-897E-787B92935575}
	EndGlobalSection
EndGlobal
